
Microsoft Visual Studio Solution File, Format Version 12.00
# Visual Studio Version 16
VisualStudioVersion = 16.0.30907.101
MinimumVisualStudioVersion = 10.0.40219.1
Project("{FAE04EC0-301F-11D3-BF4B-00C04F79EFBC}") = "JogoXadrez", "JogoXadrez\JogoXadrez.csproj", "{DA6C3345-3F10-49D0-8535-4685A077AA69}"
EndProject
Global
	GlobalSection(SolutionConfigurationPlatforms) = preSolution
		Debug|Any CPU = Debug|Any CPU
		Release|Any CPU = Release|Any CPU
	EndGlobalSection
	GlobalSection(ProjectConfigurationPlatforms) = postSolution
		{DA6C3345-3F10-49D0-8535-4685A077AA69}.Debug|Any CPU.ActiveCfg = Debug|Any CPU
		{DA6C3345-3F10-49D0-8535-4685A077AA69}.Debug|Any CPU.Build.0 = Debug|Any CPU
		{DA6C3345-3F10-49D0-8535-4685A077AA69}.Release|Any CPU.ActiveCfg = Release|Any CPU
		{DA6C3345-3F10-49D0-8535-4685A077AA69}.Release|Any CPU.Build.0 = Release|Any CPU
	EndGlobalSection
	GlobalSection(SolutionProperties) = preSolution
		HideSolutionNode = FALSE
	EndGlobalSection
	GlobalSection(ExtensibilityGlobals) = postSolution
		SolutionGuid = {22C145D0-B886-4899-99B0-2B94530A3A63}
	EndGlobalSection
EndGlobal
